
Microsoft Visual Studio Solution File, Format Version 12.00
# Visual Studio Version 17
VisualStudioVersion = 17.9.34728.123
MinimumVisualStudioVersion = 10.0.40219.1
Project("{2150E333-8FDC-42A3-9474-1A3956D46DE8}") = "Server", "Server", "{E1ECA553-D96B-4E33-A271-6577BA52F01F}"
EndProject
Project("{9A19103F-16F7-4668-BE54-9A1E7A4F7556}") = "DecorGearInfrastructure", "DecorGearInfrastructure\DecorGearInfrastructure.csproj", "{F6807CDB-5CB1-44DE-88BA-1F079F205E48}"
EndProject
Project("{9A19103F-16F7-4668-BE54-9A1E7A4F7556}") = "DecorGearApplication", "DecorGearApplication\DecorGearApplication.csproj", "{40CE902D-21BF-41A3-8226-6C70FD978E76}"
EndProject
Project("{9A19103F-16F7-4668-BE54-9A1E7A4F7556}") = "DecorGearDomain", "DecorGearDomain\DecorGearDomain.csproj", "{FBF68363-343C-45BC-8018-83D8FEBA31C7}"
EndProject
Project("{9A19103F-16F7-4668-BE54-9A1E7A4F7556}") = "DecorGearApi", "DecorGearApi\DecorGearApi.csproj", "{B3488989-3DC6-4EE1-A610-9CD040380809}"
EndProject
Global
	GlobalSection(SolutionConfigurationPlatforms) = preSolution
		Debug|Any CPU = Debug|Any CPU
		Release|Any CPU = Release|Any CPU
	EndGlobalSection
	GlobalSection(ProjectConfigurationPlatforms) = postSolution
		{F6807CDB-5CB1-44DE-88BA-1F079F205E48}.Debug|Any CPU.ActiveCfg = Debug|Any CPU
		{F6807CDB-5CB1-44DE-88BA-1F079F205E48}.Debug|Any CPU.Build.0 = Debug|Any CPU
		{F6807CDB-5CB1-44DE-88BA-1F079F205E48}.Release|Any CPU.ActiveCfg = Release|Any CPU
		{F6807CDB-5CB1-44DE-88BA-1F079F205E48}.Release|Any CPU.Build.0 = Release|Any CPU
		{40CE902D-21BF-41A3-8226-6C70FD978E76}.Debug|Any CPU.ActiveCfg = Debug|Any CPU
		{40CE902D-21BF-41A3-8226-6C70FD978E76}.Debug|Any CPU.Build.0 = Debug|Any CPU
		{40CE902D-21BF-41A3-8226-6C70FD978E76}.Release|Any CPU.ActiveCfg = Release|Any CPU
		{40CE902D-21BF-41A3-8226-6C70FD978E76}.Release|Any CPU.Build.0 = Release|Any CPU
		{FBF68363-343C-45BC-8018-83D8FEBA31C7}.Debug|Any CPU.ActiveCfg = Debug|Any CPU
		{FBF68363-343C-45BC-8018-83D8FEBA31C7}.Debug|Any CPU.Build.0 = Debug|Any CPU
		{FBF68363-343C-45BC-8018-83D8FEBA31C7}.Release|Any CPU.ActiveCfg = Release|Any CPU
		{FBF68363-343C-45BC-8018-83D8FEBA31C7}.Release|Any CPU.Build.0 = Release|Any CPU
		{B3488989-3DC6-4EE1-A610-9CD040380809}.Debug|Any CPU.ActiveCfg = Debug|Any CPU
		{B3488989-3DC6-4EE1-A610-9CD040380809}.Debug|Any CPU.Build.0 = Debug|Any CPU
		{B3488989-3DC6-4EE1-A610-9CD040380809}.Release|Any CPU.ActiveCfg = Release|Any CPU
		{B3488989-3DC6-4EE1-A610-9CD040380809}.Release|Any CPU.Build.0 = Release|Any CPU
	EndGlobalSection
	GlobalSection(SolutionProperties) = preSolution
		HideSolutionNode = FALSE
	EndGlobalSection
	GlobalSection(NestedProjects) = preSolution
		{F6807CDB-5CB1-44DE-88BA-1F079F205E48} = {E1ECA553-D96B-4E33-A271-6577BA52F01F}
		{40CE902D-21BF-41A3-8226-6C70FD978E76} = {E1ECA553-D96B-4E33-A271-6577BA52F01F}
		{FBF68363-343C-45BC-8018-83D8FEBA31C7} = {E1ECA553-D96B-4E33-A271-6577BA52F01F}
		{B3488989-3DC6-4EE1-A610-9CD040380809} = {E1ECA553-D96B-4E33-A271-6577BA52F01F}
	EndGlobalSection
	GlobalSection(ExtensibilityGlobals) = postSolution
		SolutionGuid = {DE738CDA-7658-42ED-82C5-7647842F7BE3}
	EndGlobalSection
EndGlobal
